// !$*UTF8*$!
{
	archiveVersion = 1;
	classes = {
	};
	objectVersion = 55;
	objects = {

/* Begin PBXBuildFile section */
		4E580BB7273D3A2200E4D12D /* PlacesVC.swift in Sources */ = {isa = PBXBuildFile; fileRef = 4E580BB6273D3A2200E4D12D /* PlacesVC.swift */; };
		4E580BB9273D66CE00E4D12D /* AddPlaceVC.swift in Sources */ = {isa = PBXBuildFile; fileRef = 4E580BB8273D66CE00E4D12D /* AddPlaceVC.swift */; };
		4E580BBB273D6B3E00E4D12D /* MapVC.swift in Sources */ = {isa = PBXBuildFile; fileRef = 4E580BBA273D6B3E00E4D12D /* MapVC.swift */; };
		4E580BBD273D70D600E4D12D /* DetailsVC.swift in Sources */ = {isa = PBXBuildFile; fileRef = 4E580BBC273D70D600E4D12D /* DetailsVC.swift */; };
		4EC7D543273C594100F45E61 /* AppDelegate.swift in Sources */ = {isa = PBXBuildFile; fileRef = 4EC7D542273C594100F45E61 /* AppDelegate.swift */; };
		4EC7D545273C594100F45E61 /* SceneDelegate.swift in Sources */ = {isa = PBXBuildFile; fileRef = 4EC7D544273C594100F45E61 /* SceneDelegate.swift */; };
		4EC7D547273C594100F45E61 /* SignInVC.swift in Sources */ = {isa = PBXBuildFile; fileRef = 4EC7D546273C594100F45E61 /* SignInVC.swift */; };
		4EC7D54A273C594100F45E61 /* Main.storyboard in Resources */ = {isa = PBXBuildFile; fileRef = 4EC7D548273C594100F45E61 /* Main.storyboard */; };
		4EC7D54C273C594400F45E61 /* Assets.xcassets in Resources */ = {isa = PBXBuildFile; fileRef = 4EC7D54B273C594400F45E61 /* Assets.xcassets */; };
		4EC7D54F273C594400F45E61 /* LaunchScreen.storyboard in Resources */ = {isa = PBXBuildFile; fileRef = 4EC7D54D273C594400F45E61 /* LaunchScreen.storyboard */; };
		B6982EE1F509BA2FBB1B0FBF /* Pods_FavoritePlaces.framework in Frameworks */ = {isa = PBXBuildFile; fileRef = D3CC7FE41AC0AA54CB0A8C78 /* Pods_FavoritePlaces.framework */; };
/* End PBXBuildFile section */

/* Begin PBXFileReference section */
		4E580BB6273D3A2200E4D12D /* PlacesVC.swift */ = {isa = PBXFileReference; lastKnownFileType = sourcecode.swift; path = PlacesVC.swift; sourceTree = "<group>"; };
		4E580BB8273D66CE00E4D12D /* AddPlaceVC.swift */ = {isa = PBXFileReference; lastKnownFileType = sourcecode.swift; path = AddPlaceVC.swift; sourceTree = "<group>"; };
		4E580BBA273D6B3E00E4D12D /* MapVC.swift */ = {isa = PBXFileReference; lastKnownFileType = sourcecode.swift; path = MapVC.swift; sourceTree = "<group>"; };
		4E580BBC273D70D600E4D12D /* DetailsVC.swift */ = {isa = PBXFileReference; lastKnownFileType = sourcecode.swift; path = DetailsVC.swift; sourceTree = "<group>"; };
		4EC7D53F273C594100F45E61 /* FavoritePlaces.app */ = {isa = PBXFileReference; explicitFileType = wrapper.application; includeInIndex = 0; path = FavoritePlaces.app; sourceTree = BUILT_PRODUCTS_DIR; };
		4EC7D542273C594100F45E61 /* AppDelegate.swift */ = {isa = PBXFileReference; lastKnownFileType = sourcecode.swift; path = AppDelegate.swift; sourceTree = "<group>"; };
		4EC7D544273C594100F45E61 /* SceneDelegate.swift */ = {isa = PBXFileReference; lastKnownFileType = sourcecode.swift; path = SceneDelegate.swift; sourceTree = "<group>"; };
		4EC7D546273C594100F45E61 /* SignInVC.swift */ = {isa = PBXFileReference; lastKnownFileType = sourcecode.swift; path = SignInVC.swift; sourceTree = "<group>"; };
		4EC7D549273C594100F45E61 /* Base */ = {isa = PBXFileReference; lastKnownFileType = file.storyboard; name = Base; path = Base.lproj/Main.storyboard; sourceTree = "<group>"; };
		4EC7D54B273C594400F45E61 /* Assets.xcassets */ = {isa = PBXFileReference; lastKnownFileType = folder.assetcatalog; path = Assets.xcassets; sourceTree = "<group>"; };
		4EC7D54E273C594400F45E61 /* Base */ = {isa = PBXFileReference; lastKnownFileType = file.storyboard; name = Base; path = Base.lproj/LaunchScreen.storyboard; sourceTree = "<group>"; };
		4EC7D550273C594400F45E61 /* Info.plist */ = {isa = PBXFileReference; lastKnownFileType = text.plist.xml; path = Info.plist; sourceTree = "<group>"; };
		590E3388490AD77210BB5E88 /* Pods-FavoritePlaces.debug.xcconfig */ = {isa = PBXFileReference; includeInIndex = 1; lastKnownFileType = text.xcconfig; name = "Pods-FavoritePlaces.debug.xcconfig"; path = "Target Support Files/Pods-FavoritePlaces/Pods-FavoritePlaces.debug.xcconfig"; sourceTree = "<group>"; };
		63BE1E6FC11A004E13F3BD7F /* Pods-FavoritePlaces.release.xcconfig */ = {isa = PBXFileReference; includeInIndex = 1; lastKnownFileType = text.xcconfig; name = "Pods-FavoritePlaces.release.xcconfig"; path = "Target Support Files/Pods-FavoritePlaces/Pods-FavoritePlaces.release.xcconfig"; sourceTree = "<group>"; };
		D3CC7FE41AC0AA54CB0A8C78 /* Pods_FavoritePlaces.framework */ = {isa = PBXFileReference; explicitFileType = wrapper.framework; includeInIndex = 0; path = Pods_FavoritePlaces.framework; sourceTree = BUILT_PRODUCTS_DIR; };
/* End PBXFileReference section */

/* Begin PBXFrameworksBuildPhase section */
		4EC7D53C273C594100F45E61 /* Frameworks */ = {
			isa = PBXFrameworksBuildPhase;
			buildActionMask = 2147483647;
			files = (
				B6982EE1F509BA2FBB1B0FBF /* Pods_FavoritePlaces.framework in Frameworks */,
			);
			runOnlyForDeploymentPostprocessing = 0;
		};
/* End PBXFrameworksBuildPhase section */

/* Begin PBXGroup section */
		4EC7D536273C594100F45E61 = {
			isa = PBXGroup;
			children = (
				4EC7D541273C594100F45E61 /* FavoritePlaces */,
				4EC7D540273C594100F45E61 /* Products */,
				E9278F15BF9C67C3DA648EDE /* Pods */,
				A03F523AB390EE35EED6E9D9 /* Frameworks */,
			);
			sourceTree = "<group>";
		};
		4EC7D540273C594100F45E61 /* Products */ = {
			isa = PBXGroup;
			children = (
				4EC7D53F273C594100F45E61 /* FavoritePlaces.app */,
			);
			name = Products;
			sourceTree = "<group>";
		};
		4EC7D541273C594100F45E61 /* FavoritePlaces */ = {
			isa = PBXGroup;
			children = (
				4EC7D542273C594100F45E61 /* AppDelegate.swift */,
				4EC7D544273C594100F45E61 /* SceneDelegate.swift */,
				4EC7D546273C594100F45E61 /* SignInVC.swift */,
				4E580BB6273D3A2200E4D12D /* PlacesVC.swift */,
				4E580BB8273D66CE00E4D12D /* AddPlaceVC.swift */,
				4E580BBA273D6B3E00E4D12D /* MapVC.swift */,
				4E580BBC273D70D600E4D12D /* DetailsVC.swift */,
				4EC7D548273C594100F45E61 /* Main.storyboard */,
				4EC7D54B273C594400F45E61 /* Assets.xcassets */,
				4EC7D54D273C594400F45E61 /* LaunchScreen.storyboard */,
				4EC7D550273C594400F45E61 /* Info.plist */,
			);
			path = FavoritePlaces;
			sourceTree = "<group>";
		};
		A03F523AB390EE35EED6E9D9 /* Frameworks */ = {
			isa = PBXGroup;
			children = (
				D3CC7FE41AC0AA54CB0A8C78 /* Pods_FavoritePlaces.framework */,
			);
			name = Frameworks;
			sourceTree = "<group>";
		};
		E9278F15BF9C67C3DA648EDE /* Pods */ = {
			isa = PBXGroup;
			children = (
				590E3388490AD77210BB5E88 /* Pods-FavoritePlaces.debug.xcconfig */,
				63BE1E6FC11A004E13F3BD7F /* Pods-FavoritePlaces.release.xcconfig */,
			);
			path = Pods;
			sourceTree = "<group>";
		};
/* End PBXGroup section */

/* Begin PBXNativeTarget section */
		4EC7D53E273C594100F45E61 /* FavoritePlaces */ = {
			isa = PBXNativeTarget;
			buildConfigurationList = 4EC7D553273C594400F45E61 /* Build configuration list for PBXNativeTarget "FavoritePlaces" */;
			buildPhases = (
				08784B47A09AA78292AA7699 /* [CP] Check Pods Manifest.lock */,
				4EC7D53B273C594100F45E61 /* Sources */,
				4EC7D53C273C594100F45E61 /* Frameworks */,
				4EC7D53D273C594100F45E61 /* Resources */,
				8DFA55D9B1524B5144009EC2 /* [CP] Embed Pods Frameworks */,
			);
			buildRules = (
			);
			dependencies = (
			);
			name = FavoritePlaces;
			productName = FavoritePlaces;
			productReference = 4EC7D53F273C594100F45E61 /* FavoritePlaces.app */;
			productType = "com.apple.product-type.application";
		};
/* End PBXNativeTarget section */

/* Begin PBXProject section */
		4EC7D537273C594100F45E61 /* Project object */ = {
			isa = PBXProject;
			attributes = {
				BuildIndependentTargetsInParallel = 1;
				LastSwiftUpdateCheck = 1310;
				LastUpgradeCheck = 1310;
				TargetAttributes = {
					4EC7D53E273C594100F45E61 = {
						CreatedOnToolsVersion = 13.1;
					};
				};
			};
			buildConfigurationList = 4EC7D53A273C594100F45E61 /* Build configuration list for PBXProject "FavoritePlaces" */;
			compatibilityVersion = "Xcode 13.0";
			developmentRegion = en;
			hasScannedForEncodings = 0;
			knownRegions = (
				en,
				Base,
			);
			mainGroup = 4EC7D536273C594100F45E61;
			productRefGroup = 4EC7D540273C594100F45E61 /* Products */;
			projectDirPath = "";
			projectRoot = "";
			targets = (
				4EC7D53E273C594100F45E61 /* FavoritePlaces */,
			);
		};
/* End PBXProject section */

/* Begin PBXResourcesBuildPhase section */
		4EC7D53D273C594100F45E61 /* Resources */ = {
			isa = PBXResourcesBuildPhase;
			buildActionMask = 2147483647;
			files = (
				4EC7D54F273C594400F45E61 /* LaunchScreen.storyboard in Resources */,
				4EC7D54C273C594400F45E61 /* Assets.xcassets in Resources */,
				4EC7D54A273C594100F45E61 /* Main.storyboard in Resources */,
			);
			runOnlyForDeploymentPostprocessing = 0;
		};
/* End PBXResourcesBuildPhase section */

/* Begin PBXShellScriptBuildPhase section */
		08784B47A09AA78292AA7699 /* [CP] Check Pods Manifest.lock */ = {
			isa = PBXShellScriptBuildPhase;
			buildActionMask = 2147483647;
			files = (
			);
			inputFileListPaths = (
			);
			inputPaths = (
				"${PODS_PODFILE_DIR_PATH}/Podfile.lock",
				"${PODS_ROOT}/Manifest.lock",
			);
			name = "[CP] Check Pods Manifest.lock";
			outputFileListPaths = (
			);
			outputPaths = (
				"$(DERIVED_FILE_DIR)/Pods-FavoritePlaces-checkManifestLockResult.txt",
			);
			runOnlyForDeploymentPostprocessing = 0;
			shellPath = /bin/sh;
			shellScript = "diff \"${PODS_PODFILE_DIR_PATH}/Podfile.lock\" \"${PODS_ROOT}/Manifest.lock\" > /dev/null\nif [ $? != 0 ] ; then\n    # print error to STDERR\n    echo \"error: The sandbox is not in sync with the Podfile.lock. Run 'pod install' or update your CocoaPods installation.\" >&2\n    exit 1\nfi\n# This output is used by Xcode 'outputs' to avoid re-running this script phase.\necho \"SUCCESS\" > \"${SCRIPT_OUTPUT_FILE_0}\"\n";
			showEnvVarsInLog = 0;
		};
		8DFA55D9B1524B5144009EC2 /* [CP] Embed Pods Frameworks */ = {
			isa = PBXShellScriptBuildPhase;
			buildActionMask = 2147483647;
			files = (
			);
			inputFileListPaths = (
				"${PODS_ROOT}/Target Support Files/Pods-FavoritePlaces/Pods-FavoritePlaces-frameworks-${CONFIGURATION}-input-files.xcfilelist",
			);
			name = "[CP] Embed Pods Frameworks";
			outputFileListPaths = (
				"${PODS_ROOT}/Target Support Files/Pods-FavoritePlaces/Pods-FavoritePlaces-frameworks-${CONFIGURATION}-output-files.xcfilelist",
			);
			runOnlyForDeploymentPostprocessing = 0;
			shellPath = /bin/sh;
			shellScript = "\"${PODS_ROOT}/Target Support Files/Pods-FavoritePlaces/Pods-FavoritePlaces-frameworks.sh\"\n";
			showEnvVarsInLog = 0;
		};
/* End PBXShellScriptBuildPhase section */

/* Begin PBXSourcesBuildPhase section */
		4EC7D53B273C594100F45E61 /* Sources */ = {
			isa = PBXSourcesBuildPhase;
			buildActionMask = 2147483647;
			files = (
				4EC7D547273C594100F45E61 /* SignInVC.swift in Sources */,
				4E580BBB273D6B3E00E4D12D /* MapVC.swift in Sources */,
				4EC7D543273C594100F45E61 /* AppDelegate.swift in Sources */,
				4E580BB7273D3A2200E4D12D /* PlacesVC.swift in Sources */,
				4E580BBD273D70D600E4D12D /* DetailsVC.swift in Sources */,
				4E580BB9273D66CE00E4D12D /* AddPlaceVC.swift in Sources */,
				4EC7D545273C594100F45E61 /* SceneDelegate.swift in Sources */,
			);
			runOnlyForDeploymentPostprocessing = 0;
		};
/* End PBXSourcesBuildPhase section */

/* Begin PBXVariantGroup section */
		4EC7D548273C594100F45E61 /* Main.storyboard */ = {
			isa = PBXVariantGroup;
			children = (
				4EC7D549273C594100F45E61 /* Base */,
			);
			name = Main.storyboard;
			sourceTree = "<group>";
		};
		4EC7D54D273C594400F45E61 /* LaunchScreen.storyboard */ = {
			isa = PBXVariantGroup;
			children = (
				4EC7D54E273C594400F45E61 /* Base */,
			);
			name = LaunchScreen.storyboard;
			sourceTree = "<group>";
		};
/* End PBXVariantGroup section */

/* Begin XCBuildConfiguration section */
		4EC7D551273C594400F45E61 /* Debug */ = {
			isa = XCBuildConfiguration;
			buildSettings = {
				ALWAYS_SEARCH_USER_PATHS = NO;
				CLANG_ANALYZER_NONNULL = YES;
				CLANG_ANALYZER_NUMBER_OBJECT_CONVERSION = YES_AGGRESSIVE;
				CLANG_CXX_LANGUAGE_STANDARD = "gnu++17";
				CLANG_CXX_LIBRARY = "libc++";
				CLANG_ENABLE_MODULES = YES;
				CLANG_ENABLE_OBJC_ARC = YES;
				CLANG_ENABLE_OBJC_WEAK = YES;
				CLANG_WARN_BLOCK_CAPTURE_AUTORELEASING = YES;
				CLANG_WARN_BOOL_CONVERSION = YES;
				CLANG_WARN_COMMA = YES;
				CLANG_WARN_CONSTANT_CONVERSION = YES;
				CLANG_WARN_DEPRECATED_OBJC_IMPLEMENTATIONS = YES;
				CLANG_WARN_DIRECT_OBJC_ISA_USAGE = YES_ERROR;
				CLANG_WARN_DOCUMENTATION_COMMENTS = YES;
				CLANG_WARN_EMPTY_BODY = YES;
				CLANG_WARN_ENUM_CONVERSION = YES;
				CLANG_WARN_INFINITE_RECURSION = YES;
				CLANG_WARN_INT_CONVERSION = YES;
				CLANG_WARN_NON_LITERAL_NULL_CONVERSION = YES;
				CLANG_WARN_OBJC_IMPLICIT_RETAIN_SELF = YES;
				CLANG_WARN_OBJC_LITERAL_CONVERSION = YES;
				CLANG_WARN_OBJC_ROOT_CLASS = YES_ERROR;
				CLANG_WARN_QUOTED_INCLUDE_IN_FRAMEWORK_HEADER = YES;
				CLANG_WARN_RANGE_LOOP_ANALYSIS = YES;
				CLANG_WARN_STRICT_PROTOTYPES = YES;
				CLANG_WARN_SUSPICIOUS_MOVE = YES;
				CLANG_WARN_UNGUARDED_AVAILABILITY = YES_AGGRESSIVE;
				CLANG_WARN_UNREACHABLE_CODE = YES;
				CLANG_WARN__DUPLICATE_METHOD_MATCH = YES;
				COPY_PHASE_STRIP = NO;
				DEBUG_INFORMATION_FORMAT = dwarf;
				ENABLE_STRICT_OBJC_MSGSEND = YES;
				ENABLE_TESTABILITY = YES;
				GCC_C_LANGUAGE_STANDARD = gnu11;
				GCC_DYNAMIC_NO_PIC = NO;
				GCC_NO_COMMON_BLOCKS = YES;
				GCC_OPTIMIZATION_LEVEL = 0;
				GCC_PREPROCESSOR_DEFINITIONS = (
					"DEBUG=1",
					"$(inherited)",
				);
				GCC_WARN_64_TO_32_BIT_CONVERSION = YES;
				GCC_WARN_ABOUT_RETURN_TYPE = YES_ERROR;
				GCC_WARN_UNDECLARED_SELECTOR = YES;
				GCC_WARN_UNINITIALIZED_AUTOS = YES_AGGRESSIVE;
				GCC_WARN_UNUSED_FUNCTION = YES;
				GCC_WARN_UNUSED_VARIABLE = YES;
				IPHONEOS_DEPLOYMENT_TARGET = 15.0;
				MTL_ENABLE_DEBUG_INFO = INCLUDE_SOURCE;
				MTL_FAST_MATH = YES;
				ONLY_ACTIVE_ARCH = YES;
				SDKROOT = iphoneos;
				SWIFT_ACTIVE_COMPILATION_CONDITIONS = DEBUG;
				SWIFT_OPTIMIZATION_LEVEL = "-Onone";
			};
			name = Debug;
		};
		4EC7D552273C594400F45E61 /* Release */ = {
			isa = XCBuildConfiguration;
			buildSettings = {
				ALWAYS_SEARCH_USER_PATHS = NO;
				CLANG_ANALYZER_NONNULL = YES;
				CLANG_ANALYZER_NUMBER_OBJECT_CONVERSION = YES_AGGRESSIVE;
				CLANG_CXX_LANGUAGE_STANDARD = "gnu++17";
				CLANG_CXX_LIBRARY = "libc++";
				CLANG_ENABLE_MODULES = YES;
				CLANG_ENABLE_OBJC_ARC = YES;
				CLANG_ENABLE_OBJC_WEAK = YES;
				CLANG_WARN_BLOCK_CAPTURE_AUTORELEASING = YES;
				CLANG_WARN_BOOL_CONVERSION = YES;
				CLANG_WARN_COMMA = YES;
				CLANG_WARN_CONSTANT_CONVERSION = YES;
				CLANG_WARN_DEPRECATED_OBJC_IMPLEMENTATIONS = YES;
				CLANG_WARN_DIRECT_OBJC_ISA_USAGE = YES_ERROR;
				CLANG_WARN_DOCUMENTATION_COMMENTS = YES;
				CLANG_WARN_EMPTY_BODY = YES;
				CLANG_WARN_ENUM_CONVERSION = YES;
				CLANG_WARN_INFINITE_RECURSION = YES;
				CLANG_WARN_INT_CONVERSION = YES;
				CLANG_WARN_NON_LITERAL_NULL_CONVERSION = YES;
				CLANG_WARN_OBJC_IMPLICIT_RETAIN_SELF = YES;
				CLANG_WARN_OBJC_LITERAL_CONVERSION = YES;
				CLANG_WARN_OBJC_ROOT_CLASS = YES_ERROR;
				CLANG_WARN_QUOTED_INCLUDE_IN_FRAMEWORK_HEADER = YES;
				CLANG_WARN_RANGE_LOOP_ANALYSIS = YES;
				CLANG_WARN_STRICT_PROTOTYPES = YES;
				CLANG_WARN_SUSPICIOUS_MOVE = YES;
				CLANG_WARN_UNGUARDED_AVAILABILITY = YES_AGGRESSIVE;
				CLANG_WARN_UNREACHABLE_CODE = YES;
				CLANG_WARN__DUPLICATE_METHOD_MATCH = YES;
				COPY_PHASE_STRIP = NO;
				DEBUG_INFORMATION_FORMAT = "dwarf-with-dsym";
				ENABLE_NS_ASSERTIONS = NO;
				ENABLE_STRICT_OBJC_MSGSEND = YES;
				GCC_C_LANGUAGE_STANDARD = gnu11;
				GCC_NO_COMMON_BLOCKS = YES;
				GCC_WARN_64_TO_32_BIT_CONVERSION = YES;
				GCC_WARN_ABOUT_RETURN_TYPE = YES_ERROR;
				GCC_WARN_UNDECLARED_SELECTOR = YES;
				GCC_WARN_UNINITIALIZED_AUTOS = YES_AGGRESSIVE;
				GCC_WARN_UNUSED_FUNCTION = YES;
				GCC_WARN_UNUSED_VARIABLE = YES;
				IPHONEOS_DEPLOYMENT_TARGET = 15.0;
				MTL_ENABLE_DEBUG_INFO = NO;
				MTL_FAST_MATH = YES;
				SDKROOT = iphoneos;
				SWIFT_COMPILATION_MODE = wholemodule;
				SWIFT_OPTIMIZATION_LEVEL = "-O";
				VALIDATE_PRODUCT = YES;
			};
			name = Release;
		};
		4EC7D554273C594400F45E61 /* Debug */ = {
			isa = XCBuildConfiguration;
			baseConfigurationReference = 590E3388490AD77210BB5E88 /* Pods-FavoritePlaces.debug.xcconfig */;
			buildSettings = {
				ASSETCATALOG_COMPILER_APPICON_NAME = AppIcon;
				ASSETCATALOG_COMPILER_GLOBAL_ACCENT_COLOR_NAME = AccentColor;
				CODE_SIGN_STYLE = Automatic;
				CURRENT_PROJECT_VERSION = 1;
				DEVELOPMENT_TEAM = T268WL827A;
				GENERATE_INFOPLIST_FILE = YES;
				INFOPLIST_FILE = FavoritePlaces/Info.plist;
				INFOPLIST_KEY_UIApplicationSupportsIndirectInputEvents = YES;
				INFOPLIST_KEY_UILaunchStoryboardName = LaunchScreen;
				INFOPLIST_KEY_UIMainStoryboardFile = Main;
				INFOPLIST_KEY_UISupportedInterfaceOrientations_iPad = "UIInterfaceOrientationPortrait UIInterfaceOrientationPortraitUpsideDown UIInterfaceOrientationLandscapeLeft UIInterfaceOrientationLandscapeRight";
				INFOPLIST_KEY_UISupportedInterfaceOrientations_iPhone = "UIInterfaceOrientationPortrait UIInterfaceOrientationLandscapeLeft UIInterfaceOrientationLandscapeRight";
				LD_RUNPATH_SEARCH_PATHS = (
					"$(inherited)",
					"@executable_path/Frameworks",
				);
				MARKETING_VERSION = 1.0;
				PRODUCT_BUNDLE_IDENTIFIER = com.ysfozturk.FavoritePlaces;
				PRODUCT_NAME = "$(TARGET_NAME)";
				SWIFT_EMIT_LOC_STRINGS = YES;
				SWIFT_VERSION = 5.0;
				TARGETED_DEVICE_FAMILY = "1,2";
			};
			name = Debug;
		};
		4EC7D555273C594400F45E61 /* Release */ = {
			isa = XCBuildConfiguration;
			baseConfigurationReference = 63BE1E6FC11A004E13F3BD7F /* Pods-FavoritePlaces.release.xcconfig */;
			buildSettings = {
				ASSETCATALOG_COMPILER_APPICON_NAME = AppIcon;
				ASSETCATALOG_COMPILER_GLOBAL_ACCENT_COLOR_NAME = AccentColor;
				CODE_SIGN_STYLE = Automatic;
				CURRENT_PROJECT_VERSION = 1;
				DEVELOPMENT_TEAM = T268WL827A;
				GENERATE_INFOPLIST_FILE = YES;
				INFOPLIST_FILE = FavoritePlaces/Info.plist;
				INFOPLIST_KEY_UIApplicationSupportsIndirectInputEvents = YES;
				INFOPLIST_KEY_UILaunchStoryboardName = LaunchScreen;
				INFOPLIST_KEY_UIMainStoryboardFile = Main;
				INFOPLIST_KEY_UISupportedInterfaceOrientations_iPad = "UIInterfaceOrientationPortrait UIInterfaceOrientationPortraitUpsideDown UIInterfaceOrientationLandscapeLeft UIInterfaceOrientationLandscapeRight";
				INFOPLIST_KEY_UISupportedInterfaceOrientations_iPhone = "UIInterfaceOrientationPortrait UIInterfaceOrientationLandscapeLeft UIInterfaceOrientationLandscapeRight";
				LD_RUNPATH_SEARCH_PATHS = (
					"$(inherited)",
					"@executable_path/Frameworks",
				);
				MARKETING_VERSION = 1.0;
				PRODUCT_BUNDLE_IDENTIFIER = com.ysfozturk.FavoritePlaces;
				PRODUCT_NAME = "$(TARGET_NAME)";
				SWIFT_EMIT_LOC_STRINGS = YES;
				SWIFT_VERSION = 5.0;
				TARGETED_DEVICE_FAMILY = "1,2";
			};
			name = Release;
		};
/* End XCBuildConfiguration section */

/* Begin XCConfigurationList section */
		4EC7D53A273C594100F45E61 /* Build configuration list for PBXProject "FavoritePlaces" */ = {
			isa = XCConfigurationList;
			buildConfigurations = (
				4EC7D551273C594400F45E61 /* Debug */,
				4EC7D552273C594400F45E61 /* Release */,
			);
			defaultConfigurationIsVisible = 0;
			defaultConfigurationName = Release;
		};
		4EC7D553273C594400F45E61 /* Build configuration list for PBXNativeTarget "FavoritePlaces" */ = {
			isa = XCConfigurationList;
			buildConfigurations = (
				4EC7D554273C594400F45E61 /* Debug */,
				4EC7D555273C594400F45E61 /* Release */,
			);
			defaultConfigurationIsVisible = 0;
			defaultConfigurationName = Release;
		};
/* End XCConfigurationList section */
	};
	rootObject = 4EC7D537273C594100F45E61 /* Project object */;
}
